
Microsoft Visual Studio Solution File, Format Version 12.00
# Visual Studio 15
VisualStudioVersion = 15.0.28307.421
MinimumVisualStudioVersion = 10.0.40219.1
Project("{9A19103F-16F7-4668-BE54-9A1E7A4F7556}") = "CanalRabbitmq.Client", "rabbitmq\CanalRabbitmq.Client\CanalRabbitmq.Client.csproj", "{DCA82B1D-231F-4608-A944-5B57B961E299}"
EndProject
Project("{2150E333-8FDC-42A3-9474-1A3956D46DE8}") = "src", "src", "{95F51309-05E8-4168-9337-23A5B5D3C22C}"
EndProject
Project("{2150E333-8FDC-42A3-9474-1A3956D46DE8}") = "test", "test", "{8E7AAEDB-3978-4CCB-B51C-E8994BC7FB8D}"
EndProject
Project("{9A19103F-16F7-4668-BE54-9A1E7A4F7556}") = "UnitTest", "UnitTest\UnitTest.csproj", "{C5989F24-7D73-4015-9C21-C1AC5D0FC3EA}"
EndProject
Project("{9A19103F-16F7-4668-BE54-9A1E7A4F7556}") = "CanalRabbitmq.Server", "rabbitmq\CanalRabbitmq.Server\CanalRabbitmq.Server.csproj", "{8872847E-6D86-456D-8AD0-A50FD42B7D7F}"
EndProject
Project("{9A19103F-16F7-4668-BE54-9A1E7A4F7556}") = "Canal.Server", "canal\Canal.Server\Canal.Server.csproj", "{DB7745E9-C8E8-435C-96D6-40885FB41534}"
EndProject
Project("{2150E333-8FDC-42A3-9474-1A3956D46DE8}") = "redis", "redis", "{5E8F304D-B0D1-4F84-AFE1-05A4348819AD}"
EndProject
Project("{9A19103F-16F7-4668-BE54-9A1E7A4F7556}") = "CanalRedis.Server", "redis\CanalRedis.Server\CanalRedis.Server.csproj", "{1DB9E58D-76B2-441C-BF3B-B5BC785A9502}"
EndProject
Project("{9A19103F-16F7-4668-BE54-9A1E7A4F7556}") = "Canal.SqlParse", "canal\Canal.SqlParse\Canal.SqlParse.csproj", "{2A831D90-5A42-46E2-BE88-BC41FDCE7A11}"
EndProject
Project("{2150E333-8FDC-42A3-9474-1A3956D46DE8}") = "rabbitmq", "rabbitmq", "{4926BDCE-7201-4C6C-A5C0-C9EE17D38B83}"
EndProject
Project("{9A19103F-16F7-4668-BE54-9A1E7A4F7556}") = "CanalRedis.Client", "redis\CanalRedis.Client\CanalRedis.Client.csproj", "{0361A224-ABD8-4AB9-A794-429CF4BB7F41}"
EndProject
Project("{2150E333-8FDC-42A3-9474-1A3956D46DE8}") = "transfer", "transfer", "{F230282D-0360-4F46-82BC-D8201D173A5B}"
EndProject
Project("{9A19103F-16F7-4668-BE54-9A1E7A4F7556}") = "CanalTransferDb", "transfer\CanalTransferDb\CanalTransferDb.csproj", "{E1E41F12-1610-4B40-90CB-6A1B1B799DEA}"
EndProject
Project("{2150E333-8FDC-42A3-9474-1A3956D46DE8}") = "canal", "canal", "{A90297EC-F62D-4E4D-A64D-01F4FFBDBEE8}"
EndProject
Project("{FAE04EC0-301F-11D3-BF4B-00C04F79EFBC}") = "Canal.Model", "canal\Canal.Model\Canal.Model.csproj", "{994C8038-5D23-4535-9C97-917D70D82EF8}"
EndProject
Global
	GlobalSection(SolutionConfigurationPlatforms) = preSolution
		Debug|Any CPU = Debug|Any CPU
		Release|Any CPU = Release|Any CPU
	EndGlobalSection
	GlobalSection(ProjectConfigurationPlatforms) = postSolution
		{DCA82B1D-231F-4608-A944-5B57B961E299}.Debug|Any CPU.ActiveCfg = Debug|Any CPU
		{DCA82B1D-231F-4608-A944-5B57B961E299}.Debug|Any CPU.Build.0 = Debug|Any CPU
		{DCA82B1D-231F-4608-A944-5B57B961E299}.Release|Any CPU.ActiveCfg = Release|Any CPU
		{DCA82B1D-231F-4608-A944-5B57B961E299}.Release|Any CPU.Build.0 = Release|Any CPU
		{C5989F24-7D73-4015-9C21-C1AC5D0FC3EA}.Debug|Any CPU.ActiveCfg = Debug|Any CPU
		{C5989F24-7D73-4015-9C21-C1AC5D0FC3EA}.Debug|Any CPU.Build.0 = Debug|Any CPU
		{C5989F24-7D73-4015-9C21-C1AC5D0FC3EA}.Release|Any CPU.ActiveCfg = Release|Any CPU
		{C5989F24-7D73-4015-9C21-C1AC5D0FC3EA}.Release|Any CPU.Build.0 = Release|Any CPU
		{8872847E-6D86-456D-8AD0-A50FD42B7D7F}.Debug|Any CPU.ActiveCfg = Debug|Any CPU
		{8872847E-6D86-456D-8AD0-A50FD42B7D7F}.Debug|Any CPU.Build.0 = Debug|Any CPU
		{8872847E-6D86-456D-8AD0-A50FD42B7D7F}.Release|Any CPU.ActiveCfg = Release|Any CPU
		{8872847E-6D86-456D-8AD0-A50FD42B7D7F}.Release|Any CPU.Build.0 = Release|Any CPU
		{DB7745E9-C8E8-435C-96D6-40885FB41534}.Debug|Any CPU.ActiveCfg = Debug|Any CPU
		{DB7745E9-C8E8-435C-96D6-40885FB41534}.Debug|Any CPU.Build.0 = Debug|Any CPU
		{DB7745E9-C8E8-435C-96D6-40885FB41534}.Release|Any CPU.ActiveCfg = Release|Any CPU
		{DB7745E9-C8E8-435C-96D6-40885FB41534}.Release|Any CPU.Build.0 = Release|Any CPU
		{1DB9E58D-76B2-441C-BF3B-B5BC785A9502}.Debug|Any CPU.ActiveCfg = Debug|Any CPU
		{1DB9E58D-76B2-441C-BF3B-B5BC785A9502}.Debug|Any CPU.Build.0 = Debug|Any CPU
		{1DB9E58D-76B2-441C-BF3B-B5BC785A9502}.Release|Any CPU.ActiveCfg = Release|Any CPU
		{1DB9E58D-76B2-441C-BF3B-B5BC785A9502}.Release|Any CPU.Build.0 = Release|Any CPU
		{2A831D90-5A42-46E2-BE88-BC41FDCE7A11}.Debug|Any CPU.ActiveCfg = Debug|Any CPU
		{2A831D90-5A42-46E2-BE88-BC41FDCE7A11}.Debug|Any CPU.Build.0 = Debug|Any CPU
		{2A831D90-5A42-46E2-BE88-BC41FDCE7A11}.Release|Any CPU.ActiveCfg = Release|Any CPU
		{2A831D90-5A42-46E2-BE88-BC41FDCE7A11}.Release|Any CPU.Build.0 = Release|Any CPU
		{0361A224-ABD8-4AB9-A794-429CF4BB7F41}.Debug|Any CPU.ActiveCfg = Debug|Any CPU
		{0361A224-ABD8-4AB9-A794-429CF4BB7F41}.Debug|Any CPU.Build.0 = Debug|Any CPU
		{0361A224-ABD8-4AB9-A794-429CF4BB7F41}.Release|Any CPU.ActiveCfg = Release|Any CPU
		{0361A224-ABD8-4AB9-A794-429CF4BB7F41}.Release|Any CPU.Build.0 = Release|Any CPU
		{E1E41F12-1610-4B40-90CB-6A1B1B799DEA}.Debug|Any CPU.ActiveCfg = Debug|Any CPU
		{E1E41F12-1610-4B40-90CB-6A1B1B799DEA}.Debug|Any CPU.Build.0 = Debug|Any CPU
		{E1E41F12-1610-4B40-90CB-6A1B1B799DEA}.Release|Any CPU.ActiveCfg = Release|Any CPU
		{E1E41F12-1610-4B40-90CB-6A1B1B799DEA}.Release|Any CPU.Build.0 = Release|Any CPU
		{994C8038-5D23-4535-9C97-917D70D82EF8}.Debug|Any CPU.ActiveCfg = Debug|Any CPU
		{994C8038-5D23-4535-9C97-917D70D82EF8}.Debug|Any CPU.Build.0 = Debug|Any CPU
		{994C8038-5D23-4535-9C97-917D70D82EF8}.Release|Any CPU.ActiveCfg = Release|Any CPU
		{994C8038-5D23-4535-9C97-917D70D82EF8}.Release|Any CPU.Build.0 = Release|Any CPU
	EndGlobalSection
	GlobalSection(SolutionProperties) = preSolution
		HideSolutionNode = FALSE
	EndGlobalSection
	GlobalSection(NestedProjects) = preSolution
		{DCA82B1D-231F-4608-A944-5B57B961E299} = {4926BDCE-7201-4C6C-A5C0-C9EE17D38B83}
		{C5989F24-7D73-4015-9C21-C1AC5D0FC3EA} = {8E7AAEDB-3978-4CCB-B51C-E8994BC7FB8D}
		{8872847E-6D86-456D-8AD0-A50FD42B7D7F} = {4926BDCE-7201-4C6C-A5C0-C9EE17D38B83}
		{DB7745E9-C8E8-435C-96D6-40885FB41534} = {A90297EC-F62D-4E4D-A64D-01F4FFBDBEE8}
		{5E8F304D-B0D1-4F84-AFE1-05A4348819AD} = {95F51309-05E8-4168-9337-23A5B5D3C22C}
		{1DB9E58D-76B2-441C-BF3B-B5BC785A9502} = {5E8F304D-B0D1-4F84-AFE1-05A4348819AD}
		{2A831D90-5A42-46E2-BE88-BC41FDCE7A11} = {A90297EC-F62D-4E4D-A64D-01F4FFBDBEE8}
		{4926BDCE-7201-4C6C-A5C0-C9EE17D38B83} = {95F51309-05E8-4168-9337-23A5B5D3C22C}
		{0361A224-ABD8-4AB9-A794-429CF4BB7F41} = {5E8F304D-B0D1-4F84-AFE1-05A4348819AD}
		{F230282D-0360-4F46-82BC-D8201D173A5B} = {95F51309-05E8-4168-9337-23A5B5D3C22C}
		{E1E41F12-1610-4B40-90CB-6A1B1B799DEA} = {F230282D-0360-4F46-82BC-D8201D173A5B}
		{A90297EC-F62D-4E4D-A64D-01F4FFBDBEE8} = {95F51309-05E8-4168-9337-23A5B5D3C22C}
		{994C8038-5D23-4535-9C97-917D70D82EF8} = {A90297EC-F62D-4E4D-A64D-01F4FFBDBEE8}
	EndGlobalSection
	GlobalSection(ExtensibilityGlobals) = postSolution
		SolutionGuid = {60095D5A-9360-4314-97D4-AF0903E71287}
	EndGlobalSection
EndGlobal
