
Microsoft Visual Studio Solution File, Format Version 12.00
# Visual Studio 15
VisualStudioVersion = 15.0.28307.421
MinimumVisualStudioVersion = 10.0.40219.1
Project("{FAE04EC0-301F-11D3-BF4B-00C04F79EFBC}") = "MysqlCanalMq", "MysqlCanalMq\MysqlCanalMq.csproj", "{8EDA7B93-36E0-4E32-AAC7-B4CF4428FCB7}"
EndProject
Global
	GlobalSection(SolutionConfigurationPlatforms) = preSolution
		Debug|Any CPU = Debug|Any CPU
		Release|Any CPU = Release|Any CPU
	EndGlobalSection
	GlobalSection(ProjectConfigurationPlatforms) = postSolution
		{8EDA7B93-36E0-4E32-AAC7-B4CF4428FCB7}.Debug|Any CPU.ActiveCfg = Debug|Any CPU
		{8EDA7B93-36E0-4E32-AAC7-B4CF4428FCB7}.Debug|Any CPU.Build.0 = Debug|Any CPU
		{8EDA7B93-36E0-4E32-AAC7-B4CF4428FCB7}.Release|Any CPU.ActiveCfg = Release|Any CPU
		{8EDA7B93-36E0-4E32-AAC7-B4CF4428FCB7}.Release|Any CPU.Build.0 = Release|Any CPU
	EndGlobalSection
	GlobalSection(SolutionProperties) = preSolution
		HideSolutionNode = FALSE
	EndGlobalSection
	GlobalSection(ExtensibilityGlobals) = postSolution
		SolutionGuid = {60095D5A-9360-4314-97D4-AF0903E71287}
	EndGlobalSection
EndGlobal
